dependencies:
- name: postgresqlStorageClass
  repository: file://charts/storage
  version: 0.1.0
- name: postgresqlPvPvc
  repository: file://charts/pv-pvc
  version: 0.1.0
- name: postgresql
  repository: https://charts.bitnami.com/bitnami
  version: 12.5.6
digest: sha256:4282226e2043ed55a666164b5bb26748b95318f700121185180dfd9109cdc198
generated: "2025-05-22T08:59:30.766113+03:00"
